{
    "version": 3,
    "terraform_version": "0.8.7",
    "serial": 4,
    "lineage": "a5312370-1786-4dce-8a19-1fa8f7026f20",
    "modules": [
        {
            "path": [
                "root"
            ],
            "outputs": {},
            "resources": {
                "aws_instance.trollox_client": {
                    "type": "aws_instance",
                    "depends_on": [
                        "aws_key_pair.trollbox_client",
                        "aws_security_group.default",
                        "aws_subnet.default"
                    ],
                    "primary": {
                        "id": "i-0f8a0af0d2f530577",
                        "attributes": {
                            "ami": "ami-5450803b",
                            "associate_public_ip_address": "true",
                            "availability_zone": "eu-central-1a",
                            "disable_api_termination": "false",
                            "ebs_block_device.#": "0",
                            "ebs_optimized": "false",
                            "ephemeral_block_device.#": "0",
                            "iam_instance_profile": "",
                            "id": "i-0f8a0af0d2f530577",
                            "instance_state": "running",
                            "instance_type": "t2.micro",
                            "key_name": "trollbox_client_key",
                            "monitoring": "false",
                            "network_interface_id": "eni-f576d39a",
                            "private_dns": "ip-10-0-1-32.eu-central-1.compute.internal",
                            "private_ip": "10.0.1.32",
                            "public_dns": "",
                            "public_ip": "52.57.203.89",
                            "root_block_device.#": "1",
                            "root_block_device.0.delete_on_termination": "true",
                            "root_block_device.0.iops": "100",
                            "root_block_device.0.volume_size": "3",
                            "root_block_device.0.volume_type": "gp2",
                            "security_groups.#": "0",
                            "source_dest_check": "true",
                            "subnet_id": "subnet-fc7e2b94",
                            "tags.%": "0",
                            "tenancy": "default",
                            "vpc_security_group_ids.#": "1",
                            "vpc_security_group_ids.1734834529": "sg-e13d8b8a"
                        },
                        "meta": {
                            "schema_version": "1"
                        },
                        "tainted": false
                    },
                    "deposed": [],
                    "provider": ""
                },
                "aws_internet_gateway.default": {
                    "type": "aws_internet_gateway",
                    "depends_on": [
                        "aws_vpc.default"
                    ],
                    "primary": {
                        "id": "igw-e9a5a880",
                        "attributes": {
                            "id": "igw-e9a5a880",
                            "tags.%": "0",
                            "vpc_id": "vpc-7492191c"
                        },
                        "meta": {},
                        "tainted": false
                    },
                    "deposed": [],
                    "provider": ""
                },
                "aws_key_pair.trollbox_client": {
                    "type": "aws_key_pair",
                    "depends_on": [],
                    "primary": {
                        "id": "trollbox_client_key",
                        "attributes": {
                            "fingerprint": "f8:d5:fb:06:fc:66:ca:74:ff:71:b8:87:fb:cd:28:b0",
                            "id": "trollbox_client_key",
                            "key_name": "trollbox_client_key",
                            "public_key": "ssh-rsa AAAAB3NzaC1yc2EAAAADAQABAAABAQDLdgzhoLTiW1bEwuwJX0E1kCIZT0ZbCk/jtnbynbtPAaM2ARX66MwK+dGZrEfK51b2OyBf7ZV4AbdeRpR/KXWkwV1eJcbP7Tv07mCorw2YzKq5hEkQasoKMoOlLR78cRNOnsOGn/c5vZNAiX8S4x1efRnkq9EAKrtcCR5McqcFn/47UTy9n+FkABuST2o+Vdw+tYWvF2xLBNgeFsRd3WzZrZs7YFUTlamv3PZ7fQhvgK2auwxYb+6aAxkRU1q+K0aEhZ9myj0S1SF0A2Tz4ebhcPUde/Gdn5BHQJToQoxBYW4taJHNnd616MqjLCWuod48SxwlpwdPDtVcWpKUxN2x vagrant@nixbox"
                        },
                        "meta": {
                            "schema_version": "1"
                        },
                        "tainted": false
                    },
                    "deposed": [],
                    "provider": ""
                },
                "aws_route.internet_access": {
                    "type": "aws_route",
                    "depends_on": [
                        "aws_internet_gateway.default",
                        "aws_vpc.default"
                    ],
                    "primary": {
                        "id": "r-rtb-0dade9651080289494",
                        "attributes": {
                            "destination_cidr_block": "0.0.0.0/0",
                            "destination_prefix_list_id": "",
                            "gateway_id": "igw-e9a5a880",
                            "id": "r-rtb-0dade9651080289494",
                            "instance_id": "",
                            "instance_owner_id": "",
                            "nat_gateway_id": "",
                            "network_interface_id": "",
                            "origin": "CreateRoute",
                            "route_table_id": "rtb-0dade965",
                            "state": "active",
                            "vpc_peering_connection_id": ""
                        },
                        "meta": {},
                        "tainted": false
                    },
                    "deposed": [],
                    "provider": ""
                },
                "aws_security_group.default": {
                    "type": "aws_security_group",
                    "depends_on": [
                        "aws_vpc.default"
                    ],
                    "primary": {
                        "id": "sg-e13d8b8a",
                        "attributes": {
                            "description": "Trollbox client security",
                            "egress.#": "1",
                            "egress.482069346.cidr_blocks.#": "1",
                            "egress.482069346.cidr_blocks.0": "0.0.0.0/0",
                            "egress.482069346.from_port": "0",
                            "egress.482069346.prefix_list_ids.#": "0",
                            "egress.482069346.protocol": "-1",
                            "egress.482069346.security_groups.#": "0",
                            "egress.482069346.self": "false",
                            "egress.482069346.to_port": "0",
                            "id": "sg-e13d8b8a",
                            "ingress.#": "1",
                            "ingress.2541437006.cidr_blocks.#": "1",
                            "ingress.2541437006.cidr_blocks.0": "0.0.0.0/0",
                            "ingress.2541437006.from_port": "22",
                            "ingress.2541437006.protocol": "tcp",
                            "ingress.2541437006.security_groups.#": "0",
                            "ingress.2541437006.self": "false",
                            "ingress.2541437006.to_port": "22",
                            "name": "trollbox_client",
                            "owner_id": "913750763724",
                            "tags.%": "0",
                            "vpc_id": "vpc-7492191c"
                        },
                        "meta": {},
                        "tainted": false
                    },
                    "deposed": [],
                    "provider": ""
                },
                "aws_subnet.default": {
                    "type": "aws_subnet",
                    "depends_on": [
                        "aws_vpc.default"
                    ],
                    "primary": {
                        "id": "subnet-fc7e2b94",
                        "attributes": {
                            "availability_zone": "eu-central-1a",
                            "cidr_block": "10.0.1.0/24",
                            "id": "subnet-fc7e2b94",
                            "map_public_ip_on_launch": "true",
                            "tags.%": "0",
                            "vpc_id": "vpc-7492191c"
                        },
                        "meta": {},
                        "tainted": false
                    },
                    "deposed": [],
                    "provider": ""
                },
                "aws_vpc.default": {
                    "type": "aws_vpc",
                    "depends_on": [],
                    "primary": {
                        "id": "vpc-7492191c",
                        "attributes": {
                            "cidr_block": "10.0.0.0/16",
                            "default_network_acl_id": "acl-eb5a2883",
                            "default_route_table_id": "rtb-0dade965",
                            "default_security_group_id": "sg-3f3b8d54",
                            "dhcp_options_id": "dopt-5d10b135",
                            "enable_dns_hostnames": "false",
                            "enable_dns_support": "true",
                            "id": "vpc-7492191c",
                            "instance_tenancy": "default",
                            "main_route_table_id": "rtb-0dade965",
                            "tags.%": "0"
                        },
                        "meta": {},
                        "tainted": false
                    },
                    "deposed": [],
                    "provider": ""
                }
            },
            "depends_on": []
        }
    ]
}
